
Microsoft Visual Studio Solution File, Format Version 12.00
Project("{FAE04EC0-301F-11D3-BF4B-00C04F79EFBC}") = "Laba2Matan", "Laba2Matan\Laba2Matan.csproj", "{0ED8ABFA-CA14-44E2-88B6-9BDC3AD40CFC}"
EndProject
Global
	GlobalSection(SolutionConfigurationPlatforms) = preSolution
		Debug|Any CPU = Debug|Any CPU
		Release|Any CPU = Release|Any CPU
	EndGlobalSection
	GlobalSection(ProjectConfigurationPlatforms) = postSolution
		{0ED8ABFA-CA14-44E2-88B6-9BDC3AD40CFC}.Debug|Any CPU.ActiveCfg = Debug|Any CPU
		{0ED8ABFA-CA14-44E2-88B6-9BDC3AD40CFC}.Debug|Any CPU.Build.0 = Debug|Any CPU
		{0ED8ABFA-CA14-44E2-88B6-9BDC3AD40CFC}.Release|Any CPU.ActiveCfg = Release|Any CPU
		{0ED8ABFA-CA14-44E2-88B6-9BDC3AD40CFC}.Release|Any CPU.Build.0 = Release|Any CPU
	EndGlobalSection
EndGlobal
